
Microsoft Visual Studio Solution File, Format Version 12.00
# Visual Studio Version 17
VisualStudioVersion = 17.0.31903.59
MinimumVisualStudioVersion = 10.0.40219.1
Project("{2150E333-8FDC-42A3-9474-1A3956D46DE8}") = "src", "src", "{94A0A597-6AC7-4600-A435-0AB43241BFA9}"
EndProject
Project("{FAE04EC0-301F-11D3-BF4B-00C04F79EFBC}") = "EvacutionPlanningAndMonitoring.App.API", "src\EvacutionPlanningAndMonitoring.App.API\EvacutionPlanningAndMonitoring.App.API.csproj", "{033431EB-C349-443B-AC76-48E80D4D8752}"
EndProject
Global
	GlobalSection(SolutionConfigurationPlatforms) = preSolution
		Debug|Any CPU = Debug|Any CPU
		Release|Any CPU = Release|Any CPU
	EndGlobalSection
	GlobalSection(SolutionProperties) = preSolution
		HideSolutionNode = FALSE
	EndGlobalSection
	GlobalSection(ProjectConfigurationPlatforms) = postSolution
		{033431EB-C349-443B-AC76-48E80D4D8752}.Debug|Any CPU.ActiveCfg = Debug|Any CPU
		{033431EB-C349-443B-AC76-48E80D4D8752}.Debug|Any CPU.Build.0 = Debug|Any CPU
		{033431EB-C349-443B-AC76-48E80D4D8752}.Release|Any CPU.ActiveCfg = Release|Any CPU
		{033431EB-C349-443B-AC76-48E80D4D8752}.Release|Any CPU.Build.0 = Release|Any CPU
	EndGlobalSection
	GlobalSection(NestedProjects) = preSolution
		{033431EB-C349-443B-AC76-48E80D4D8752} = {94A0A597-6AC7-4600-A435-0AB43241BFA9}
	EndGlobalSection
EndGlobal
